
Microsoft Visual Studio Solution File, Format Version 12.00
# Visual Studio Version 16
VisualStudioVersion = 16.0.31702.278
MinimumVisualStudioVersion = 10.0.40219.1
Project("{E24C65DC-7377-472B-9ABA-BC803B73C61A}") = "WCFPassword-Kata", "WCFPassword-Kata\", "{F04CDEBE-AFE1-455E-8ED3-D9EF3BCDD3CC}"
	ProjectSection(WebsiteProperties) = preProject
		TargetFrameworkMoniker = ".NETFramework,Version%3Dv4.7.2"
		ProjectReferences = "{588c6e93-edf7-482e-bdae-663a0e42b8fd}|WCFPassword-Kata.Services.dll;"
		Debug.AspNetCompiler.VirtualPath = "/localhost_55182"
		Debug.AspNetCompiler.PhysicalPath = "WCFPassword-Kata\"
		Debug.AspNetCompiler.TargetPath = "PrecompiledWeb\localhost_55182\"
		Debug.AspNetCompiler.Updateable = "true"
		Debug.AspNetCompiler.ForceOverwrite = "true"
		Debug.AspNetCompiler.FixedNames = "false"
		Debug.AspNetCompiler.Debug = "True"
		Release.AspNetCompiler.VirtualPath = "/localhost_55182"
		Release.AspNetCompiler.PhysicalPath = "WCFPassword-Kata\"
		Release.AspNetCompiler.TargetPath = "PrecompiledWeb\localhost_55182\"
		Release.AspNetCompiler.Updateable = "true"
		Release.AspNetCompiler.ForceOverwrite = "true"
		Release.AspNetCompiler.FixedNames = "false"
		Release.AspNetCompiler.Debug = "False"
		VWDPort = "55182"
		SlnRelativePath = "WCFPassword-Kata\"
		DefaultWebSiteLanguage = "Visual C#"
	EndProjectSection
EndProject
Project("{FAE04EC0-301F-11D3-BF4B-00C04F79EFBC}") = "WCFPassword-Kata.Tests", "WCFPassword-Kata.Tests\WCFPassword-Kata.Tests.csproj", "{B4F6EDD1-0989-404E-A40F-BE4B8238103A}"
EndProject
Project("{FAE04EC0-301F-11D3-BF4B-00C04F79EFBC}") = "WCFPassword-Kata.Services", "WCFPassword-Kata.Services\WCFPassword-Kata.Services.csproj", "{588C6E93-EDF7-482E-BDAE-663A0E42B8FD}"
EndProject
Global
	GlobalSection(SolutionConfigurationPlatforms) = preSolution
		Debug|Any CPU = Debug|Any CPU
		Release|Any CPU = Release|Any CPU
	EndGlobalSection
	GlobalSection(ProjectConfigurationPlatforms) = postSolution
		{F04CDEBE-AFE1-455E-8ED3-D9EF3BCDD3CC}.Debug|Any CPU.ActiveCfg = Debug|Any CPU
		{F04CDEBE-AFE1-455E-8ED3-D9EF3BCDD3CC}.Debug|Any CPU.Build.0 = Debug|Any CPU
		{F04CDEBE-AFE1-455E-8ED3-D9EF3BCDD3CC}.Release|Any CPU.ActiveCfg = Debug|Any CPU
		{F04CDEBE-AFE1-455E-8ED3-D9EF3BCDD3CC}.Release|Any CPU.Build.0 = Debug|Any CPU
		{B4F6EDD1-0989-404E-A40F-BE4B8238103A}.Debug|Any CPU.ActiveCfg = Debug|Any CPU
		{B4F6EDD1-0989-404E-A40F-BE4B8238103A}.Debug|Any CPU.Build.0 = Debug|Any CPU
		{B4F6EDD1-0989-404E-A40F-BE4B8238103A}.Release|Any CPU.ActiveCfg = Release|Any CPU
		{B4F6EDD1-0989-404E-A40F-BE4B8238103A}.Release|Any CPU.Build.0 = Release|Any CPU
		{588C6E93-EDF7-482E-BDAE-663A0E42B8FD}.Debug|Any CPU.ActiveCfg = Debug|Any CPU
		{588C6E93-EDF7-482E-BDAE-663A0E42B8FD}.Debug|Any CPU.Build.0 = Debug|Any CPU
		{588C6E93-EDF7-482E-BDAE-663A0E42B8FD}.Release|Any CPU.ActiveCfg = Release|Any CPU
		{588C6E93-EDF7-482E-BDAE-663A0E42B8FD}.Release|Any CPU.Build.0 = Release|Any CPU
	EndGlobalSection
	GlobalSection(SolutionProperties) = preSolution
		HideSolutionNode = FALSE
	EndGlobalSection
	GlobalSection(ExtensibilityGlobals) = postSolution
		SolutionGuid = {AD5AF2A5-13DC-4CC0-A89D-4954FBC1B501}
	EndGlobalSection
EndGlobal
