
Microsoft Visual Studio Solution File, Format Version 12.00
# Visual Studio Version 16
VisualStudioVersion = 16.0.31702.278
MinimumVisualStudioVersion = 10.0.40219.1
Project("{E24C65DC-7377-472B-9ABA-BC803B73C61A}") = "WCFPassword-Kata", "WCFPassword-Kata\", "{F04CDEBE-AFE1-455E-8ED3-D9EF3BCDD3CC}"
	ProjectSection(WebsiteProperties) = preProject
		TargetFrameworkMoniker = ".NETFramework,Version%3Dv4.7.2"
		ProjectReferences = "{588c6e93-edf7-482e-bdae-663a0e42b8fd}|WCFPassword-Kata.Services.dll;{AC6854D9-91D8-484C-87F9-596ACC502376}|WCFPassword-Kata.Domain.dll;"
		Debug.AspNetCompiler.VirtualPath = "/localhost_55182"
		Debug.AspNetCompiler.PhysicalPath = "WCFPassword-Kata\"
		Debug.AspNetCompiler.TargetPath = "PrecompiledWeb\localhost_55182\"
		Debug.AspNetCompiler.Updateable = "true"
		Debug.AspNetCompiler.ForceOverwrite = "true"
		Debug.AspNetCompiler.FixedNames = "false"
		Debug.AspNetCompiler.Debug = "True"
		Release.AspNetCompiler.VirtualPath = "/localhost_55182"
		Release.AspNetCompiler.PhysicalPath = "WCFPassword-Kata\"
		Release.AspNetCompiler.TargetPath = "PrecompiledWeb\localhost_55182\"
		Release.AspNetCompiler.Updateable = "true"
		Release.AspNetCompiler.ForceOverwrite = "true"
		Release.AspNetCompiler.FixedNames = "false"
		Release.AspNetCompiler.Debug = "False"
		VWDPort = "55182"
		SlnRelativePath = "WCFPassword-Kata\"
		DefaultWebSiteLanguage = "Visual C#"
	EndProjectSection
EndProject
Project("{9A19103F-16F7-4668-BE54-9A1E7A4F7556}") = "WCFPassword-Kata.Infra.Tests", "WCFPassword-Kata.Tests\WCFPassword-Kata.Infra.Tests.csproj", "{B4F6EDD1-0989-404E-A40F-BE4B8238103A}"
EndProject
Project("{FAE04EC0-301F-11D3-BF4B-00C04F79EFBC}") = "WCFPassword-Kata.Infra", "WCFPassword-Kata.Services\WCFPassword-Kata.Infra.csproj", "{588C6E93-EDF7-482E-BDAE-663A0E42B8FD}"
EndProject
Project("{2150E333-8FDC-42A3-9474-1A3956D46DE8}") = "1.DistributedServices", "1.DistributedServices", "{8D0138FF-3098-41FA-8A59-0195995BA060}"
EndProject
Project("{2150E333-8FDC-42A3-9474-1A3956D46DE8}") = "2.ServiceLibrary", "2.ServiceLibrary", "{2A2A1541-2A4A-4265-95A8-571E11C9A336}"
EndProject
Project("{2150E333-8FDC-42A3-9474-1A3956D46DE8}") = "3.Domain", "3.Domain", "{A791599C-BE5B-45A0-BF12-42F3054A171B}"
EndProject
Project("{2150E333-8FDC-42A3-9474-1A3956D46DE8}") = "4.Infraestrucure", "4.Infraestrucure", "{B59CE162-1F69-4002-9970-9C567C2BF088}"
EndProject
Project("{FAE04EC0-301F-11D3-BF4B-00C04F79EFBC}") = "WCFPassword-Kata.Domain", "WCFPassword-Kata.Domain\WCFPassword-Kata.Domain.csproj", "{AC6854D9-91D8-484C-87F9-596ACC502376}"
EndProject
Project("{FAE04EC0-301F-11D3-BF4B-00C04F79EFBC}") = "WCFPassword-Kata.ServiceLibrary", "WCFPassword-Kata.ServiceLibrary\WCFPassword-Kata.ServiceLibrary.csproj", "{19AFC813-3C12-4E37-B567-5665E5E66DF8}"
EndProject
Project("{FAE04EC0-301F-11D3-BF4B-00C04F79EFBC}") = "WCFPassword-Kata.ServiceLibrary.Tests", "WCFPassword-Kata.ServiceLibrary.Tests\WCFPassword-Kata.ServiceLibrary.Tests.csproj", "{B797DAC1-7A77-4F3F-8CFF-EC812FCEA1CF}"
EndProject
Global
	GlobalSection(SolutionConfigurationPlatforms) = preSolution
		Debug|Any CPU = Debug|Any CPU
		Release|Any CPU = Release|Any CPU
	EndGlobalSection
	GlobalSection(ProjectConfigurationPlatforms) = postSolution
		{F04CDEBE-AFE1-455E-8ED3-D9EF3BCDD3CC}.Debug|Any CPU.ActiveCfg = Debug|Any CPU
		{F04CDEBE-AFE1-455E-8ED3-D9EF3BCDD3CC}.Debug|Any CPU.Build.0 = Debug|Any CPU
		{F04CDEBE-AFE1-455E-8ED3-D9EF3BCDD3CC}.Release|Any CPU.ActiveCfg = Debug|Any CPU
		{F04CDEBE-AFE1-455E-8ED3-D9EF3BCDD3CC}.Release|Any CPU.Build.0 = Debug|Any CPU
		{B4F6EDD1-0989-404E-A40F-BE4B8238103A}.Debug|Any CPU.ActiveCfg = Debug|Any CPU
		{B4F6EDD1-0989-404E-A40F-BE4B8238103A}.Debug|Any CPU.Build.0 = Debug|Any CPU
		{B4F6EDD1-0989-404E-A40F-BE4B8238103A}.Release|Any CPU.ActiveCfg = Release|Any CPU
		{B4F6EDD1-0989-404E-A40F-BE4B8238103A}.Release|Any CPU.Build.0 = Release|Any CPU
		{588C6E93-EDF7-482E-BDAE-663A0E42B8FD}.Debug|Any CPU.ActiveCfg = Debug|Any CPU
		{588C6E93-EDF7-482E-BDAE-663A0E42B8FD}.Debug|Any CPU.Build.0 = Debug|Any CPU
		{588C6E93-EDF7-482E-BDAE-663A0E42B8FD}.Release|Any CPU.ActiveCfg = Release|Any CPU
		{588C6E93-EDF7-482E-BDAE-663A0E42B8FD}.Release|Any CPU.Build.0 = Release|Any CPU
		{AC6854D9-91D8-484C-87F9-596ACC502376}.Debug|Any CPU.ActiveCfg = Debug|Any CPU
		{AC6854D9-91D8-484C-87F9-596ACC502376}.Debug|Any CPU.Build.0 = Debug|Any CPU
		{AC6854D9-91D8-484C-87F9-596ACC502376}.Release|Any CPU.ActiveCfg = Release|Any CPU
		{AC6854D9-91D8-484C-87F9-596ACC502376}.Release|Any CPU.Build.0 = Release|Any CPU
		{19AFC813-3C12-4E37-B567-5665E5E66DF8}.Debug|Any CPU.ActiveCfg = Debug|Any CPU
		{19AFC813-3C12-4E37-B567-5665E5E66DF8}.Debug|Any CPU.Build.0 = Debug|Any CPU
		{19AFC813-3C12-4E37-B567-5665E5E66DF8}.Release|Any CPU.ActiveCfg = Release|Any CPU
		{19AFC813-3C12-4E37-B567-5665E5E66DF8}.Release|Any CPU.Build.0 = Release|Any CPU
		{B797DAC1-7A77-4F3F-8CFF-EC812FCEA1CF}.Debug|Any CPU.ActiveCfg = Debug|Any CPU
		{B797DAC1-7A77-4F3F-8CFF-EC812FCEA1CF}.Debug|Any CPU.Build.0 = Debug|Any CPU
		{B797DAC1-7A77-4F3F-8CFF-EC812FCEA1CF}.Release|Any CPU.ActiveCfg = Release|Any CPU
		{B797DAC1-7A77-4F3F-8CFF-EC812FCEA1CF}.Release|Any CPU.Build.0 = Release|Any CPU
	EndGlobalSection
	GlobalSection(SolutionProperties) = preSolution
		HideSolutionNode = FALSE
	EndGlobalSection
	GlobalSection(NestedProjects) = preSolution
		{F04CDEBE-AFE1-455E-8ED3-D9EF3BCDD3CC} = {8D0138FF-3098-41FA-8A59-0195995BA060}
		{B4F6EDD1-0989-404E-A40F-BE4B8238103A} = {B59CE162-1F69-4002-9970-9C567C2BF088}
		{588C6E93-EDF7-482E-BDAE-663A0E42B8FD} = {B59CE162-1F69-4002-9970-9C567C2BF088}
		{AC6854D9-91D8-484C-87F9-596ACC502376} = {A791599C-BE5B-45A0-BF12-42F3054A171B}
		{19AFC813-3C12-4E37-B567-5665E5E66DF8} = {2A2A1541-2A4A-4265-95A8-571E11C9A336}
		{B797DAC1-7A77-4F3F-8CFF-EC812FCEA1CF} = {2A2A1541-2A4A-4265-95A8-571E11C9A336}
	EndGlobalSection
	GlobalSection(ExtensibilityGlobals) = postSolution
		SolutionGuid = {AD5AF2A5-13DC-4CC0-A89D-4954FBC1B501}
	EndGlobalSection
EndGlobal
